Microsoft Visual Studio Solution File, Format Version 12.00
# Visual Studio Version 16
VisualStudioVersion = 16.0.0.0
MinimumVisualStudioVersion = 16.0.0.0
Project("{9A19103F-16F7-4668-BE54-9A1E7A4F7556}") = "ProjetoIntegrador.Server", "Server\ProjetoIntegrador.Server.csproj", "{69D3E953-80B7-46B1-BB2E-1769FB936E65}"
EndProject
Project("{9A19103F-16F7-4668-BE54-9A1E7A4F7556}") = "ProjetoIntegrador.Client", "Client\ProjetoIntegrador.Client.csproj", "{0F1F6B22-795F-4170-99FB-CF74898515A5}"
EndProject
Project("{9A19103F-16F7-4668-BE54-9A1E7A4F7556}") = "ProjetoIntegrador.Shared", "Shared\ProjetoIntegrador.Shared.csproj", "{DC9E6CE8-2D39-448E-B2EA-71E5BEC1FF57}"
EndProject
Global
	GlobalSection(SolutionConfigurationPlatforms) = preSolution
		Debug|Any CPU = Debug|Any CPU
		Debug|x64 = Debug|x64
		Debug|x86 = Debug|x86
		Release|Any CPU = Release|Any CPU
		Release|x64 = Release|x64
		Release|x86 = Release|x86
	EndGlobalSection
	GlobalSection(ProjectConfigurationPlatforms) = postSolution
		{0F1F6B22-795F-4170-99FB-CF74898515A5}.Debug|Any CPU.ActiveCfg = Debug|Any CPU
		{0F1F6B22-795F-4170-99FB-CF74898515A5}.Debug|Any CPU.Build.0 = Debug|Any CPU
		{0F1F6B22-795F-4170-99FB-CF74898515A5}.Debug|x64.ActiveCfg = Debug|Any CPU
		{0F1F6B22-795F-4170-99FB-CF74898515A5}.Debug|x64.Build.0 = Debug|Any CPU
		{0F1F6B22-795F-4170-99FB-CF74898515A5}.Debug|x86.ActiveCfg = Debug|Any CPU
		{0F1F6B22-795F-4170-99FB-CF74898515A5}.Debug|x86.Build.0 = Debug|Any CPU
		{0F1F6B22-795F-4170-99FB-CF74898515A5}.Release|Any CPU.ActiveCfg = Release|Any CPU
		{0F1F6B22-795F-4170-99FB-CF74898515A5}.Release|Any CPU.Build.0 = Release|Any CPU
		{0F1F6B22-795F-4170-99FB-CF74898515A5}.Release|x64.ActiveCfg = Release|Any CPU
		{0F1F6B22-795F-4170-99FB-CF74898515A5}.Release|x64.Build.0 = Release|Any CPU
		{0F1F6B22-795F-4170-99FB-CF74898515A5}.Release|x86.ActiveCfg = Release|Any CPU
		{0F1F6B22-795F-4170-99FB-CF74898515A5}.Release|x86.Build.0 = Release|Any CPU
		{69D3E953-80B7-46B1-BB2E-1769FB936E65}.Debug|Any CPU.ActiveCfg = Debug|Any CPU
		{69D3E953-80B7-46B1-BB2E-1769FB936E65}.Debug|Any CPU.Build.0 = Debug|Any CPU
		{69D3E953-80B7-46B1-BB2E-1769FB936E65}.Debug|x64.ActiveCfg = Debug|Any CPU
		{69D3E953-80B7-46B1-BB2E-1769FB936E65}.Debug|x64.Build.0 = Debug|Any CPU
		{69D3E953-80B7-46B1-BB2E-1769FB936E65}.Debug|x86.ActiveCfg = Debug|Any CPU
		{69D3E953-80B7-46B1-BB2E-1769FB936E65}.Debug|x86.Build.0 = Debug|Any CPU
		{69D3E953-80B7-46B1-BB2E-1769FB936E65}.Release|Any CPU.ActiveCfg = Release|Any CPU
		{69D3E953-80B7-46B1-BB2E-1769FB936E65}.Release|Any CPU.Build.0 = Release|Any CPU
		{69D3E953-80B7-46B1-BB2E-1769FB936E65}.Release|x64.ActiveCfg = Release|Any CPU
		{69D3E953-80B7-46B1-BB2E-1769FB936E65}.Release|x64.Build.0 = Release|Any CPU
		{69D3E953-80B7-46B1-BB2E-1769FB936E65}.Release|x86.ActiveCfg = Release|Any CPU
		{69D3E953-80B7-46B1-BB2E-1769FB936E65}.Release|x86.Build.0 = Release|Any CPU
		{DC9E6CE8-2D39-448E-B2EA-71E5BEC1FF57}.Debug|Any CPU.ActiveCfg = Debug|Any CPU
		{DC9E6CE8-2D39-448E-B2EA-71E5BEC1FF57}.Debug|Any CPU.Build.0 = Debug|Any CPU
		{DC9E6CE8-2D39-448E-B2EA-71E5BEC1FF57}.Debug|x64.ActiveCfg = Debug|Any CPU
		{DC9E6CE8-2D39-448E-B2EA-71E5BEC1FF57}.Debug|x64.Build.0 = Debug|Any CPU
		{DC9E6CE8-2D39-448E-B2EA-71E5BEC1FF57}.Debug|x86.ActiveCfg = Debug|Any CPU
		{DC9E6CE8-2D39-448E-B2EA-71E5BEC1FF57}.Debug|x86.Build.0 = Debug|Any CPU
		{DC9E6CE8-2D39-448E-B2EA-71E5BEC1FF57}.Release|Any CPU.ActiveCfg = Release|Any CPU
		{DC9E6CE8-2D39-448E-B2EA-71E5BEC1FF57}.Release|Any CPU.Build.0 = Release|Any CPU
		{DC9E6CE8-2D39-448E-B2EA-71E5BEC1FF57}.Release|x64.ActiveCfg = Release|Any CPU
		{DC9E6CE8-2D39-448E-B2EA-71E5BEC1FF57}.Release|x64.Build.0 = Release|Any CPU
		{DC9E6CE8-2D39-448E-B2EA-71E5BEC1FF57}.Release|x86.ActiveCfg = Release|Any CPU
		{DC9E6CE8-2D39-448E-B2EA-71E5BEC1FF57}.Release|x86.Build.0 = Release|Any CPU
	EndGlobalSection
	GlobalSection(SolutionProperties) = preSolution
		HideSolutionNode = FALSE
	EndGlobalSection
	GlobalSection(ExtensibilityGlobals) = postSolution
		SolutionGuid = {A8174322-F06B-401F-97D6-FBEAF105D75E}
	EndGlobalSection
EndGlobal